
Microsoft Visual Studio Solution File, Format Version 12.00
# Visual Studio Version 16
VisualStudioVersion = 16.0.31424.327
MinimumVisualStudioVersion = 10.0.40219.1
Project("{FAE04EC0-301F-11D3-BF4B-00C04F79EFBC}") = "SingletonDemo", "SingletonDemo\SingletonDemo.csproj", "{43465A52-84C2-40D2-BD08-2EB1A22B9CE1}"
EndProject
Global
	GlobalSection(SolutionConfigurationPlatforms) = preSolution
		Debug|Any CPU = Debug|Any CPU
		Release|Any CPU = Release|Any CPU
	EndGlobalSection
	GlobalSection(ProjectConfigurationPlatforms) = postSolution
		{43465A52-84C2-40D2-BD08-2EB1A22B9CE1}.Debug|Any CPU.ActiveCfg = Debug|Any CPU
		{43465A52-84C2-40D2-BD08-2EB1A22B9CE1}.Debug|Any CPU.Build.0 = Debug|Any CPU
		{43465A52-84C2-40D2-BD08-2EB1A22B9CE1}.Release|Any CPU.ActiveCfg = Release|Any CPU
		{43465A52-84C2-40D2-BD08-2EB1A22B9CE1}.Release|Any CPU.Build.0 = Release|Any CPU
	EndGlobalSection
	GlobalSection(SolutionProperties) = preSolution
		HideSolutionNode = FALSE
	EndGlobalSection
	GlobalSection(ExtensibilityGlobals) = postSolution
		SolutionGuid = {612E7F1C-A650-47FD-81F5-9423D899F21F}
	EndGlobalSection
EndGlobal
