
Microsoft Visual Studio Solution File, Format Version 12.00
# Visual Studio Version 16
VisualStudioVersion = 16.0.31025.194
MinimumVisualStudioVersion = 10.0.40219.1
Project("{FAE04EC0-301F-11D3-BF4B-00C04F79EFBC}") = "ClientCredentialApi", "ClientCredentialApi\ClientCredentialApi.csproj", "{0097C1DE-BECA-448E-A27F-D92BD60B8A8B}"
EndProject
Global
	GlobalSection(SolutionConfigurationPlatforms) = preSolution
		Debug|Any CPU = Debug|Any CPU
		Release|Any CPU = Release|Any CPU
	EndGlobalSection
	GlobalSection(ProjectConfigurationPlatforms) = postSolution
		{0097C1DE-BECA-448E-A27F-D92BD60B8A8B}.Debug|Any CPU.ActiveCfg = Debug|Any CPU
		{0097C1DE-BECA-448E-A27F-D92BD60B8A8B}.Debug|Any CPU.Build.0 = Debug|Any CPU
		{0097C1DE-BECA-448E-A27F-D92BD60B8A8B}.Release|Any CPU.ActiveCfg = Release|Any CPU
		{0097C1DE-BECA-448E-A27F-D92BD60B8A8B}.Release|Any CPU.Build.0 = Release|Any CPU
	EndGlobalSection
	GlobalSection(SolutionProperties) = preSolution
		HideSolutionNode = FALSE
	EndGlobalSection
	GlobalSection(ExtensibilityGlobals) = postSolution
		SolutionGuid = {AF61FFAE-FB1F-4A63-8762-71CBD32E502D}
	EndGlobalSection
EndGlobal
