
Microsoft Visual Studio Solution File, Format Version 12.00
# Visual Studio Version 16
VisualStudioVersion = 16.0.31424.327
MinimumVisualStudioVersion = 10.0.40219.1
Project("{FAE04EC0-301F-11D3-BF4B-00C04F79EFBC}") = "RouteDemo", "RouteDemo\RouteDemo.csproj", "{907DCC82-142C-4562-B011-6AC9A98DF4FF}"
EndProject
Global
	GlobalSection(SolutionConfigurationPlatforms) = preSolution
		Debug|Any CPU = Debug|Any CPU
		Release|Any CPU = Release|Any CPU
	EndGlobalSection
	GlobalSection(ProjectConfigurationPlatforms) = postSolution
		{907DCC82-142C-4562-B011-6AC9A98DF4FF}.Debug|Any CPU.ActiveCfg = Debug|Any CPU
		{907DCC82-142C-4562-B011-6AC9A98DF4FF}.Debug|Any CPU.Build.0 = Debug|Any CPU
		{907DCC82-142C-4562-B011-6AC9A98DF4FF}.Release|Any CPU.ActiveCfg = Release|Any CPU
		{907DCC82-142C-4562-B011-6AC9A98DF4FF}.Release|Any CPU.Build.0 = Release|Any CPU
	EndGlobalSection
	GlobalSection(SolutionProperties) = preSolution
		HideSolutionNode = FALSE
	EndGlobalSection
	GlobalSection(ExtensibilityGlobals) = postSolution
		SolutionGuid = {96C74B7E-E9DA-4DDA-9752-64DF2E872F56}
	EndGlobalSection
EndGlobal
