
Microsoft Visual Studio Solution File, Format Version 12.00
# Visual Studio Version 16
VisualStudioVersion = 16.0.31424.327
MinimumVisualStudioVersion = 10.0.40219.1
Project("{FAE04EC0-301F-11D3-BF4B-00C04F79EFBC}") = "DapperDemo", "DapperDemo\DapperDemo.csproj", "{F43A43B3-0CB4-4888-8087-DB0A28EED68C}"
EndProject
Global
	GlobalSection(SolutionConfigurationPlatforms) = preSolution
		Debug|Any CPU = Debug|Any CPU
		Release|Any CPU = Release|Any CPU
	EndGlobalSection
	GlobalSection(ProjectConfigurationPlatforms) = postSolution
		{F43A43B3-0CB4-4888-8087-DB0A28EED68C}.Debug|Any CPU.ActiveCfg = Debug|Any CPU
		{F43A43B3-0CB4-4888-8087-DB0A28EED68C}.Debug|Any CPU.Build.0 = Debug|Any CPU
		{F43A43B3-0CB4-4888-8087-DB0A28EED68C}.Release|Any CPU.ActiveCfg = Release|Any CPU
		{F43A43B3-0CB4-4888-8087-DB0A28EED68C}.Release|Any CPU.Build.0 = Release|Any CPU
	EndGlobalSection
	GlobalSection(SolutionProperties) = preSolution
		HideSolutionNode = FALSE
	EndGlobalSection
	GlobalSection(ExtensibilityGlobals) = postSolution
		SolutionGuid = {0D529F00-8580-46CA-AE9F-6163D5AA2D83}
	EndGlobalSection
EndGlobal
