
Microsoft Visual Studio Solution File, Format Version 12.00
# Visual Studio Version 16
VisualStudioVersion = 16.0.31205.134
MinimumVisualStudioVersion = 10.0.40219.1
Project("{FAE04EC0-301F-11D3-BF4B-00C04F79EFBC}") = "StudentManagement", "StudentManagement\StudentManagement.csproj", "{8595274C-3EBA-470A-93BB-479EB58A82CA}"
EndProject
Global
	GlobalSection(SolutionConfigurationPlatforms) = preSolution
		Debug|Any CPU = Debug|Any CPU
		Release|Any CPU = Release|Any CPU
	EndGlobalSection
	GlobalSection(ProjectConfigurationPlatforms) = postSolution
		{8595274C-3EBA-470A-93BB-479EB58A82CA}.Debug|Any CPU.ActiveCfg = Debug|Any CPU
		{8595274C-3EBA-470A-93BB-479EB58A82CA}.Debug|Any CPU.Build.0 = Debug|Any CPU
		{8595274C-3EBA-470A-93BB-479EB58A82CA}.Release|Any CPU.ActiveCfg = Release|Any CPU
		{8595274C-3EBA-470A-93BB-479EB58A82CA}.Release|Any CPU.Build.0 = Release|Any CPU
	EndGlobalSection
	GlobalSection(SolutionProperties) = preSolution
		HideSolutionNode = FALSE
	EndGlobalSection
	GlobalSection(ExtensibilityGlobals) = postSolution
		SolutionGuid = {E1417E22-318F-47B2-A289-46C120E30794}
	EndGlobalSection
EndGlobal
